// !$*UTF8*$!
{
	archiveVersion = 1;
	classes = {
	};
	objectVersion = 46;
	objects = {

/* Begin PBXBuildFile section */
		110ECC2E16EE6BA60084A0E9 /* BookBalanceViewController.m in Sources */ = {isa = PBXBuildFile; fileRef = 110ECC2C16EE6BA60084A0E9 /* BookBalanceViewController.m */; };
		110ECC2F16EE6BA60084A0E9 /* BookBalanceViewController.xib in Resources */ = {isa = PBXBuildFile; fileRef = 110ECC2D16EE6BA60084A0E9 /* BookBalanceViewController.xib */; };
		110ECC3216EE6BDB0084A0E9 /* BookBalanceTableViewCell.m in Sources */ = {isa = PBXBuildFile; fileRef = 110ECC3116EE6BDB0084A0E9 /* BookBalanceTableViewCell.m */; };
		110ECC3616EE93DD0084A0E9 /* BookBalance.m in Sources */ = {isa = PBXBuildFile; fileRef = 110ECC3516EE93DD0084A0E9 /* BookBalance.m */; };
		110ECC3A16EE98DD0084A0E9 /* BookBalaceDetailViewController.m in Sources */ = {isa = PBXBuildFile; fileRef = 110ECC3816EE98DD0084A0E9 /* BookBalaceDetailViewController.m */; };
		110ECC3B16EE98DD0084A0E9 /* BookBalaceDetailViewController.xib in Resources */ = {isa = PBXBuildFile; fileRef = 110ECC3916EE98DD0084A0E9 /* BookBalaceDetailViewController.xib */; };
		111037A916ECFCE900BB34FB /* MyselfInfomationViewController.m in Sources */ = {isa = PBXBuildFile; fileRef = 111037A716ECFCE900BB34FB /* MyselfInfomationViewController.m */; };
		111037AA16ECFCE900BB34FB /* MyselfInfomationViewController.xib in Resources */ = {isa = PBXBuildFile; fileRef = 111037A816ECFCE900BB34FB /* MyselfInfomationViewController.xib */; };
		111037AD16ED045D00BB34FB /* ExpectTableViewCell.m in Sources */ = {isa = PBXBuildFile; fileRef = 111037AC16ED045D00BB34FB /* ExpectTableViewCell.m */; };
		111037B516ED0CFA00BB34FB /* NIDropDown.m in Sources */ = {isa = PBXBuildFile; fileRef = 111037B416ED0CFA00BB34FB /* NIDropDown.m */; };
		111037BA16ED1A2A00BB34FB /* MyLotteryViewController.m in Sources */ = {isa = PBXBuildFile; fileRef = 111037B816ED1A2A00BB34FB /* MyLotteryViewController.m */; };
		111037BB16ED1A2A00BB34FB /* MyLotteryViewController.xib in Resources */ = {isa = PBXBuildFile; fileRef = 111037B916ED1A2A00BB34FB /* MyLotteryViewController.xib */; };
		111037BE16ED387800BB34FB /* MyLotteryCell.m in Sources */ = {isa = PBXBuildFile; fileRef = 111037BD16ED387800BB34FB /* MyLotteryCell.m */; };
		1117D10316EBDA9500F16627 /* UserMainViewController.m in Sources */ = {isa = PBXBuildFile; fileRef = 1117D0FF16EBDA9500F16627 /* UserMainViewController.m */; };
		1117D10416EBDA9500F16627 /* UserMainViewController.xib in Resources */ = {isa = PBXBuildFile; fileRef = 1117D10016EBDA9500F16627 /* UserMainViewController.xib */; };
		1117D10D16EBDAFD00F16627 /* ExpectForecastViewController.m in Sources */ = {isa = PBXBuildFile; fileRef = 1117D10B16EBDAFD00F16627 /* ExpectForecastViewController.m */; };
		1117D10E16EBDAFD00F16627 /* ExpectForecastViewController.xib in Resources */ = {isa = PBXBuildFile; fileRef = 1117D10C16EBDAFD00F16627 /* ExpectForecastViewController.xib */; };
		1117D11216EBDB0B00F16627 /* LotteryRoomViewController.m in Sources */ = {isa = PBXBuildFile; fileRef = 1117D11016EBDB0B00F16627 /* LotteryRoomViewController.m */; };
		1117D11316EBDB0B00F16627 /* LotteryRoomViewController.xib in Resources */ = {isa = PBXBuildFile; fileRef = 1117D11116EBDB0B00F16627 /* LotteryRoomViewController.xib */; };
		1117D11716EBDB2D00F16627 /* StationMainViewController.m in Sources */ = {isa = PBXBuildFile; fileRef = 1117D11516EBDB2D00F16627 /* StationMainViewController.m */; };
		1117D11816EBDB2D00F16627 /* StationMainViewController.xib in Resources */ = {isa = PBXBuildFile; fileRef = 1117D11616EBDB2D00F16627 /* StationMainViewController.xib */; };
		1117D11C16EBDB5500F16627 /* PersonalCenterViewController.m in Sources */ = {isa = PBXBuildFile; fileRef = 1117D11A16EBDB5500F16627 /* PersonalCenterViewController.m */; };
		1117D11D16EBDB5500F16627 /* PersonalCenterViewController.xib in Resources */ = {isa = PBXBuildFile; fileRef = 1117D11B16EBDB5500F16627 /* PersonalCenterViewController.xib */; };
		1117D14116EBE5EA00F16627 /* lottery_icon.png in Resources */ = {isa = PBXBuildFile; fileRef = 1117D13C16EBE5EA00F16627 /* lottery_icon.png */; };
		1117D14516EBE7A600F16627 /* light.png in Resources */ = {isa = PBXBuildFile; fileRef = 1117D14416EBE7A600F16627 /* light.png */; };
		11408CB116EB9A500062BE8E /* UIKit.framework in Frameworks */ = {isa = PBXBuildFile; fileRef = 11408CB016EB9A500062BE8E /* UIKit.framework */; };
		11408CB316EB9A500062BE8E /* Foundation.framework in Frameworks */ = {isa = PBXBuildFile; fileRef = 11408CB216EB9A500062BE8E /* Foundation.framework */; };
		11408CB516EB9A500062BE8E /* CoreGraphics.framework in Frameworks */ = {isa = PBXBuildFile; fileRef = 11408CB416EB9A500062BE8E /* CoreGraphics.framework */; };
		11408CBB16EB9A500062BE8E /* InfoPlist.strings in Resources */ = {isa = PBXBuildFile; fileRef = 11408CB916EB9A500062BE8E /* InfoPlist.strings */; };
		11408CBD16EB9A500062BE8E /* main.m in Sources */ = {isa = PBXBuildFile; fileRef = 11408CBC16EB9A500062BE8E /* main.m */; };
		11408CC116EB9A500062BE8E /* AppDelegate.m in Sources */ = {isa = PBXBuildFile; fileRef = 11408CC016EB9A500062BE8E /* AppDelegate.m */; };
		11408CDD16EBA2130062BE8E /* LoginViewController.m in Sources */ = {isa = PBXBuildFile; fileRef = 11408CDB16EBA2130062BE8E /* LoginViewController.m */; };
		11408CDE16EBA2130062BE8E /* LoginViewController.xib in Resources */ = {isa = PBXBuildFile; fileRef = 11408CDC16EBA2130062BE8E /* LoginViewController.xib */; };
		11C87C6016EBEAB70077D0BA /* BuyLotteryViewController.m in Sources */ = {isa = PBXBuildFile; fileRef = 11C87C5E16EBEAB70077D0BA /* BuyLotteryViewController.m */; };
		11C87C6116EBEAB70077D0BA /* BuyLotteryViewController.xib in Resources */ = {isa = PBXBuildFile; fileRef = 11C87C5F16EBEAB70077D0BA /* BuyLotteryViewController.xib */; };
		11C87C6A16EC048B0077D0BA /* LetteryTableViewCell.m in Sources */ = {isa = PBXBuildFile; fileRef = 11C87C6916EC048B0077D0BA /* LetteryTableViewCell.m */; };
		11EDD4D716ED562B0008B703 /* Lottery.m in Sources */ = {isa = PBXBuildFile; fileRef = 11EDD4D616ED562B0008B703 /* Lottery.m */; };
		11EDD4DB16ED61CB0008B703 /* MyLotteryDetailViewController.m in Sources */ = {isa = PBXBuildFile; fileRef = 11EDD4D916ED61CB0008B703 /* MyLotteryDetailViewController.m */; };
		11EDD4DC16ED61CB0008B703 /* MyLotteryDetailViewController.xib in Resources */ = {isa = PBXBuildFile; fileRef = 11EDD4DA16ED61CB0008B703 /* MyLotteryDetailViewController.xib */; };
		11F28BE316F11CCB004EFEB8 /* GCRetractableSectionController.m in Sources */ = {isa = PBXBuildFile; fileRef = 11F28BD916F11CCB004EFEB8 /* GCRetractableSectionController.m */; };
		11F28BE416F11CCB004EFEB8 /* DownAccessory.png in Resources */ = {isa = PBXBuildFile; fileRef = 11F28BDB16F11CCB004EFEB8 /* DownAccessory.png */; };
		11F28BE516F11CCB004EFEB8 /* DownAccessory@2x.png in Resources */ = {isa = PBXBuildFile; fileRef = 11F28BDC16F11CCB004EFEB8 /* DownAccessory@2x.png */; };
		11F28BE616F11CCB004EFEB8 /* DownAccessoryWhite.png in Resources */ = {isa = PBXBuildFile; fileRef = 11F28BDD16F11CCB004EFEB8 /* DownAccessoryWhite.png */; };
		11F28BE716F11CCB004EFEB8 /* DownAccessoryWhite@2x.png in Resources */ = {isa = PBXBuildFile; fileRef = 11F28BDE16F11CCB004EFEB8 /* DownAccessoryWhite@2x.png */; };
		11F28BE816F11CCB004EFEB8 /* UpAccessory.png in Resources */ = {isa = PBXBuildFile; fileRef = 11F28BDF16F11CCB004EFEB8 /* UpAccessory.png */; };
		11F28BE916F11CCB004EFEB8 /* UpAccessory@2x.png in Resources */ = {isa = PBXBuildFile; fileRef = 11F28BE016F11CCB004EFEB8 /* UpAccessory@2x.png */; };
		11F28BEA16F11CCB004EFEB8 /* UpAccessoryWhite.png in Resources */ = {isa = PBXBuildFile; fileRef = 11F28BE116F11CCB004EFEB8 /* UpAccessoryWhite.png */; };
		11F28BEB16F11CCB004EFEB8 /* UpAccessoryWhite@2x.png in Resources */ = {isa = PBXBuildFile; fileRef = 11F28BE216F11CCB004EFEB8 /* UpAccessoryWhite@2x.png */; };
		11F28BF016F11F2C004EFEB8 /* GCArraySectionController.m in Sources */ = {isa = PBXBuildFile; fileRef = 11F28BEF16F11F2C004EFEB8 /* GCArraySectionController.m */; };
		11F28BF516F13CC0004EFEB8 /* LotteryTableViewCell.m in Sources */ = {isa = PBXBuildFile; fileRef = 11F28BF416F13CC0004EFEB8 /* LotteryTableViewCell.m */; };
		11F28BF916F14316004EFEB8 /* LotteryDetailViewController.m in Sources */ = {isa = PBXBuildFile; fileRef = 11F28BF716F14316004EFEB8 /* LotteryDetailViewController.m */; };
		11F28BFA16F14316004EFEB8 /* LotteryDetailViewController.xib in Resources */ = {isa = PBXBuildFile; fileRef = 11F28BF816F14316004EFEB8 /* LotteryDetailViewController.xib */; };
		11F28C2116F14938004EFEB8 /* EWHeaderHighlightLayer.m in Sources */ = {isa = PBXBuildFile; fileRef = 11F28C1516F14937004EFEB8 /* EWHeaderHighlightLayer.m */; };
		11F28C2216F14938004EFEB8 /* EWMultiColumnTableView.m in Sources */ = {isa = PBXBuildFile; fileRef = 11F28C1716F14937004EFEB8 /* EWMultiColumnTableView.m */; };
		11F28C2316F14938004EFEB8 /* EWMultiColumnTableViewBGScrollView.m in Sources */ = {isa = PBXBuildFile; fileRef = 11F28C1916F14937004EFEB8 /* EWMultiColumnTableViewBGScrollView.m */; };
		11F28C2416F14938004EFEB8 /* EWMultiColumnTableViewCell.m in Sources */ = {isa = PBXBuildFile; fileRef = 11F28C1B16F14937004EFEB8 /* EWMultiColumnTableViewCell.m */; };
		11F28C2516F14938004EFEB8 /* EWMultiColumnTableViewContentBackgroundView.m in Sources */ = {isa = PBXBuildFile; fileRef = 11F28C1D16F14937004EFEB8 /* EWMultiColumnTableViewContentBackgroundView.m */; };
		11F28C2616F14938004EFEB8 /* UIView+AddLine.m in Sources */ = {isa = PBXBuildFile; fileRef = 11F28C2016F14937004EFEB8 /* UIView+AddLine.m */; };
		11F28C2A16F149D8004EFEB8 /* HistoryLotteyViewController.m in Sources */ = {isa = PBXBuildFile; fileRef = 11F28C2816F149D8004EFEB8 /* HistoryLotteyViewController.m */; };
		11F28C2B16F149D8004EFEB8 /* HistoryLotteyViewController.xib in Resources */ = {isa = PBXBuildFile; fileRef = 11F28C2916F149D8004EFEB8 /* HistoryLotteyViewController.xib */; };
		11F28C2D16F14A24004EFEB8 /* QuartzCore.framework in Frameworks */ = {isa = PBXBuildFile; fileRef = 11F28C2C16F14A24004EFEB8 /* QuartzCore.framework */; };
		11F28C3016F14D3E004EFEB8 /* HistoryLotteryTableViewCell.m in Sources */ = {isa = PBXBuildFile; fileRef = 11F28C2F16F14D3D004EFEB8 /* HistoryLotteryTableViewCell.m */; };
		11F95BF716EC1825009485B2 /* LetteryDetailViewController.m in Sources */ = {isa = PBXBuildFile; fileRef = 11F95BF516EC1824009485B2 /* LetteryDetailViewController.m */; };
		11F95BF816EC1825009485B2 /* LetteryDetailViewController.xib in Resources */ = {isa = PBXBuildFile; fileRef = 11F95BF616EC1825009485B2 /* LetteryDetailViewController.xib */; };
/* End PBXBuildFile section */

/* Begin PBXFileReference section */
		110ECC2B16EE6BA60084A0E9 /* BookBalanceViewController.h */ = {isa = PBXFileReference; fileEncoding = 4; lastKnownFileType = sourcecode.c.h; path = BookBalanceViewController.h; sourceTree = "<group>"; };
		110ECC2C16EE6BA60084A0E9 /* BookBalanceViewController.m */ = {isa = PBXFileReference; fileEncoding = 4; lastKnownFileType = sourcecode.c.objc; path = BookBalanceViewController.m; sourceTree = "<group>"; };
		110ECC2D16EE6BA60084A0E9 /* BookBalanceViewController.xib */ = {isa = PBXFileReference; fileEncoding = 4; lastKnownFileType = file.xib; path = BookBalanceViewController.xib; sourceTree = "<group>"; };
		110ECC3016EE6BDB0084A0E9 /* BookBalanceTableViewCell.h */ = {isa = PBXFileReference; fileEncoding = 4; lastKnownFileType = sourcecode.c.h; path = BookBalanceTableViewCell.h; sourceTree = "<group>"; };
		110ECC3116EE6BDB0084A0E9 /* BookBalanceTableViewCell.m */ = {isa = PBXFileReference; fileEncoding = 4; lastKnownFileType = sourcecode.c.objc; path = BookBalanceTableViewCell.m; sourceTree = "<group>"; };
		110ECC3416EE93DD0084A0E9 /* BookBalance.h */ = {isa = PBXFileReference; fileEncoding = 4; lastKnownFileType = sourcecode.c.h; path = BookBalance.h; sourceTree = "<group>"; };
		110ECC3516EE93DD0084A0E9 /* BookBalance.m */ = {isa = PBXFileReference; fileEncoding = 4; lastKnownFileType = sourcecode.c.objc; path = BookBalance.m; sourceTree = "<group>"; };
		110ECC3716EE98DD0084A0E9 /* BookBalaceDetailViewController.h */ = {isa = PBXFileReference; fileEncoding = 4; lastKnownFileType = sourcecode.c.h; path = BookBalaceDetailViewController.h; sourceTree = "<group>"; };
		110ECC3816EE98DD0084A0E9 /* BookBalaceDetailViewController.m */ = {isa = PBXFileReference; fileEncoding = 4; lastKnownFileType = sourcecode.c.objc; path = BookBalaceDetailViewController.m; sourceTree = "<group>"; };
		110ECC3916EE98DD0084A0E9 /* BookBalaceDetailViewController.xib */ = {isa = PBXFileReference; fileEncoding = 4; lastKnownFileType = file.xib; path = BookBalaceDetailViewController.xib; sourceTree = "<group>"; };
		111037A616ECFCE900BB34FB /* MyselfInfomationViewController.h */ = {isa = PBXFileReference; fileEncoding = 4; lastKnownFileType = sourcecode.c.h; path = MyselfInfomationViewController.h; sourceTree = "<group>"; };
		111037A716ECFCE900BB34FB /* MyselfInfomationViewController.m */ = {isa = PBXFileReference; fileEncoding = 4; lastKnownFileType = sourcecode.c.objc; path = MyselfInfomationViewController.m; sourceTree = "<group>"; };
		111037A816ECFCE900BB34FB /* MyselfInfomationViewController.xib */ = {isa = PBXFileReference; fileEncoding = 4; lastKnownFileType = file.xib; path = MyselfInfomationViewController.xib; sourceTree = "<group>"; };
		111037AB16ED045D00BB34FB /* ExpectTableViewCell.h */ = {isa = PBXFileReference; fileEncoding = 4; lastKnownFileType = sourcecode.c.h; path = ExpectTableViewCell.h; sourceTree = "<group>"; };
		111037AC16ED045D00BB34FB /* ExpectTableViewCell.m */ = {isa = PBXFileReference; fileEncoding = 4; lastKnownFileType = sourcecode.c.objc; path = ExpectTableViewCell.m; sourceTree = "<group>"; };
		111037B316ED0CFA00BB34FB /* NIDropDown.h */ = {isa = PBXFileReference; fileEncoding = 4; lastKnownFileType = sourcecode.c.h; path = NIDropDown.h; sourceTree = "<group>"; };
		111037B416ED0CFA00BB34FB /* NIDropDown.m */ = {isa = PBXFileReference; fileEncoding = 4; lastKnownFileType = sourcecode.c.objc; path = NIDropDown.m; sourceTree = "<group>"; };
		111037B716ED1A2A00BB34FB /* MyLotteryViewController.h */ = {isa = PBXFileReference; fileEncoding = 4; lastKnownFileType = sourcecode.c.h; path = MyLotteryViewController.h; sourceTree = "<group>"; };
		111037B816ED1A2A00BB34FB /* MyLotteryViewController.m */ = {isa = PBXFileReference; fileEncoding = 4; lastKnownFileType = sourcecode.c.objc; path = MyLotteryViewController.m; sourceTree = "<group>"; };
		111037B916ED1A2A00BB34FB /* MyLotteryViewController.xib */ = {isa = PBXFileReference; fileEncoding = 4; lastKnownFileType = file.xib; path = MyLotteryViewController.xib; sourceTree = "<group>"; };
		111037BC16ED387800BB34FB /* MyLotteryCell.h */ = {isa = PBXFileReference; fileEncoding = 4; lastKnownFileType = sourcecode.c.h; path = MyLotteryCell.h; sourceTree = "<group>"; };
		111037BD16ED387800BB34FB /* MyLotteryCell.m */ = {isa = PBXFileReference; fileEncoding = 4; lastKnownFileType = sourcecode.c.objc; path = MyLotteryCell.m; sourceTree = "<group>"; };
		1117D0FE16EBDA9500F16627 /* UserMainViewController.h */ = {isa = PBXFileReference; fileEncoding = 4; lastKnownFileType = sourcecode.c.h; path = UserMainViewController.h; sourceTree = "<group>"; };
		1117D0FF16EBDA9500F16627 /* UserMainViewController.m */ = {isa = PBXFileReference; fileEncoding = 4; lastKnownFileType = sourcecode.c.objc; path = UserMainViewController.m; sourceTree = "<group>"; };
		1117D10016EBDA9500F16627 /* UserMainViewController.xib */ = {isa = PBXFileReference; fileEncoding = 4; lastKnownFileType = file.xib; path = UserMainViewController.xib; sourceTree = "<group>"; };
		1117D10A16EBDAFD00F16627 /* ExpectForecastViewController.h */ = {isa = PBXFileReference; fileEncoding = 4; lastKnownFileType = sourcecode.c.h; path = ExpectForecastViewController.h; sourceTree = "<group>"; };
		1117D10B16EBDAFD00F16627 /* ExpectForecastViewController.m */ = {isa = PBXFileReference; fileEncoding = 4; lastKnownFileType = sourcecode.c.objc; path = ExpectForecastViewController.m; sourceTree = "<group>"; };
		1117D10C16EBDAFD00F16627 /* ExpectForecastViewController.xib */ = {isa = PBXFileReference; fileEncoding = 4; lastKnownFileType = file.xib; path = ExpectForecastViewController.xib; sourceTree = "<group>"; };
		1117D10F16EBDB0A00F16627 /* LotteryRoomViewController.h */ = {isa = PBXFileReference; fileEncoding = 4; lastKnownFileType = sourcecode.c.h; path = LotteryRoomViewController.h; sourceTree = "<group>"; };
		1117D11016EBDB0B00F16627 /* LotteryRoomViewController.m */ = {isa = PBXFileReference; fileEncoding = 4; lastKnownFileType = sourcecode.c.objc; path = LotteryRoomViewController.m; sourceTree = "<group>"; };
		1117D11116EBDB0B00F16627 /* LotteryRoomViewController.xib */ = {isa = PBXFileReference; fileEncoding = 4; lastKnownFileType = file.xib; path = LotteryRoomViewController.xib; sourceTree = "<group>"; };
		1117D11416EBDB2D00F16627 /* StationMainViewController.h */ = {isa = PBXFileReference; fileEncoding = 4; lastKnownFileType = sourcecode.c.h; path = StationMainViewController.h; sourceTree = "<group>"; };
		1117D11516EBDB2D00F16627 /* StationMainViewController.m */ = {isa = PBXFileReference; fileEncoding = 4; lastKnownFileType = sourcecode.c.objc; path = StationMainViewController.m; sourceTree = "<group>"; };
		1117D11616EBDB2D00F16627 /* StationMainViewController.xib */ = {isa = PBXFileReference; fileEncoding = 4; lastKnownFileType = file.xib; path = StationMainViewController.xib; sourceTree = "<group>"; };
		1117D11916EBDB5500F16627 /* PersonalCenterViewController.h */ = {isa = PBXFileReference; fileEncoding = 4; lastKnownFileType = sourcecode.c.h; path = PersonalCenterViewController.h; sourceTree = "<group>"; };
		1117D11A16EBDB5500F16627 /* PersonalCenterViewController.m */ = {isa = PBXFileReference; fileEncoding = 4; lastKnownFileType = sourcecode.c.objc; path = PersonalCenterViewController.m; sourceTree = "<group>"; };
		1117D11B16EBDB5500F16627 /* PersonalCenterViewController.xib */ = {isa = PBXFileReference; fileEncoding = 4; lastKnownFileType = file.xib; path = PersonalCenterViewController.xib; sourceTree = "<group>"; };
		1117D13C16EBE5EA00F16627 /* lottery_icon.png */ = {isa = PBXFileReference; lastKnownFileType = image.png; path = lottery_icon.png; sourceTree = "<group>"; };
		1117D14416EBE7A600F16627 /* light.png */ = {isa = PBXFileReference; lastKnownFileType = image.png; path = light.png; sourceTree = "<group>"; };
		11408CAC16EB9A500062BE8E /* Lottery.app */ = {isa = PBXFileReference; explicitFileType = wrapper.application; includeInIndex = 0; path = Lottery.app; sourceTree = BUILT_PRODUCTS_DIR; };
		11408CB016EB9A500062BE8E /* UIKit.framework */ = {isa = PBXFileReference; lastKnownFileType = wrapper.framework; name = UIKit.framework; path = System/Library/Frameworks/UIKit.framework; sourceTree = SDKROOT; };
		11408CB216EB9A500062BE8E /* Foundation.framework */ = {isa = PBXFileReference; lastKnownFileType = wrapper.framework; name = Foundation.framework; path = System/Library/Frameworks/Foundation.framework; sourceTree = SDKROOT; };
		11408CB416EB9A500062BE8E /* CoreGraphics.framework */ = {isa = PBXFileReference; lastKnownFileType = wrapper.framework; name = CoreGraphics.framework; path = System/Library/Frameworks/CoreGraphics.framework; sourceTree = SDKROOT; };
		11408CB816EB9A500062BE8E /* Lottery-Info.plist */ = {isa = PBXFileReference; lastKnownFileType = text.plist.xml; path = "Lottery-Info.plist"; sourceTree = "<group>"; };
		11408CBA16EB9A500062BE8E /* en */ = {isa = PBXFileReference; lastKnownFileType = text.plist.strings; name = en; path = en.lproj/InfoPlist.strings; sourceTree = "<group>"; };
		11408CBC16EB9A500062BE8E /* main.m */ = {isa = PBXFileReference; lastKnownFileType = sourcecode.c.objc; path = main.m; sourceTree = "<group>"; };
		11408CBE16EB9A500062BE8E /* Lottery-Prefix.pch */ = {isa = PBXFileReference; lastKnownFileType = sourcecode.c.h; path = "Lottery-Prefix.pch"; sourceTree = "<group>"; };
		11408CBF16EB9A500062BE8E /* AppDelegate.h */ = {isa = PBXFileReference; lastKnownFileType = sourcecode.c.h; name = AppDelegate.h; path = Lottery/AppDelegate.h; sourceTree = SOURCE_ROOT; };
		11408CC016EB9A500062BE8E /* AppDelegate.m */ = {isa = PBXFileReference; lastKnownFileType = sourcecode.c.objc; name = AppDelegate.m; path = Lottery/AppDelegate.m; sourceTree = SOURCE_ROOT; };
		11408CDA16EBA2130062BE8E /* LoginViewController.h */ = {isa = PBXFileReference; fileEncoding = 4; lastKnownFileType = sourcecode.c.h; path = LoginViewController.h; sourceTree = "<group>"; };
		11408CDB16EBA2130062BE8E /* LoginViewController.m */ = {isa = PBXFileReference; fileEncoding = 4; lastKnownFileType = sourcecode.c.objc; path = LoginViewController.m; sourceTree = "<group>"; };
		11408CDC16EBA2130062BE8E /* LoginViewController.xib */ = {isa = PBXFileReference; fileEncoding = 4; lastKnownFileType = file.xib; path = LoginViewController.xib; sourceTree = "<group>"; };
		11C87C5D16EBEAB70077D0BA /* BuyLotteryViewController.h */ = {isa = PBXFileReference; fileEncoding = 4; lastKnownFileType = sourcecode.c.h; path = BuyLotteryViewController.h; sourceTree = "<group>"; };
		11C87C5E16EBEAB70077D0BA /* BuyLotteryViewController.m */ = {isa = PBXFileReference; fileEncoding = 4; lastKnownFileType = sourcecode.c.objc; path = BuyLotteryViewController.m; sourceTree = "<group>"; };
		11C87C5F16EBEAB70077D0BA /* BuyLotteryViewController.xib */ = {isa = PBXFileReference; fileEncoding = 4; lastKnownFileType = file.xib; path = BuyLotteryViewController.xib; sourceTree = "<group>"; };
		11C87C6816EC048B0077D0BA /* LetteryTableViewCell.h */ = {isa = PBXFileReference; fileEncoding = 4; lastKnownFileType = sourcecode.c.h; path = LetteryTableViewCell.h; sourceTree = "<group>"; };
		11C87C6916EC048B0077D0BA /* LetteryTableViewCell.m */ = {isa = PBXFileReference; fileEncoding = 4; lastKnownFileType = sourcecode.c.objc; path = LetteryTableViewCell.m; sourceTree = "<group>"; };
		11EDD4D516ED562B0008B703 /* Lottery.h */ = {isa = PBXFileReference; fileEncoding = 4; lastKnownFileType = sourcecode.c.h; path = Lottery.h; sourceTree = "<group>"; };
		11EDD4D616ED562B0008B703 /* Lottery.m */ = {isa = PBXFileReference; fileEncoding = 4; lastKnownFileType = sourcecode.c.objc; path = Lottery.m; sourceTree = "<group>"; };
		11EDD4D816ED61CA0008B703 /* MyLotteryDetailViewController.h */ = {isa = PBXFileReference; fileEncoding = 4; lastKnownFileType = sourcecode.c.h; path = MyLotteryDetailViewController.h; sourceTree = "<group>"; };
		11EDD4D916ED61CB0008B703 /* MyLotteryDetailViewController.m */ = {isa = PBXFileReference; fileEncoding = 4; lastKnownFileType = sourcecode.c.objc; path = MyLotteryDetailViewController.m; sourceTree = "<group>"; };
		11EDD4DA16ED61CB0008B703 /* MyLotteryDetailViewController.xib */ = {isa = PBXFileReference; fileEncoding = 4; lastKnownFileType = file.xib; path = MyLotteryDetailViewController.xib; sourceTree = "<group>"; };
		11F28BD816F11CCB004EFEB8 /* GCRetractableSectionController.h */ = {isa = PBXFileReference; fileEncoding = 4; lastKnownFileType = sourcecode.c.h; path = GCRetractableSectionController.h; sourceTree = "<group>"; };
		11F28BD916F11CCB004EFEB8 /* GCRetractableSectionController.m */ = {isa = PBXFileReference; fileEncoding = 4; lastKnownFileType = sourcecode.c.objc; path = GCRetractableSectionController.m; sourceTree = "<group>"; };
		11F28BDB16F11CCB004EFEB8 /* DownAccessory.png */ = {isa = PBXFileReference; lastKnownFileType = image.png; path = DownAccessory.png; sourceTree = "<group>"; };
		11F28BDC16F11CCB004EFEB8 /* DownAccessory@2x.png */ = {isa = PBXFileReference; lastKnownFileType = image.png; path = "DownAccessory@2x.png"; sourceTree = "<group>"; };
		11F28BDD16F11CCB004EFEB8 /* DownAccessoryWhite.png */ = {isa = PBXFileReference; lastKnownFileType = image.png; path = DownAccessoryWhite.png; sourceTree = "<group>"; };
		11F28BDE16F11CCB004EFEB8 /* DownAccessoryWhite@2x.png */ = {isa = PBXFileReference; lastKnownFileType = image.png; path = "DownAccessoryWhite@2x.png"; sourceTree = "<group>"; };
		11F28BDF16F11CCB004EFEB8 /* UpAccessory.png */ = {isa = PBXFileReference; lastKnownFileType = image.png; path = UpAccessory.png; sourceTree = "<group>"; };
		11F28BE016F11CCB004EFEB8 /* UpAccessory@2x.png */ = {isa = PBXFileReference; lastKnownFileType = image.png; path = "UpAccessory@2x.png"; sourceTree = "<group>"; };
		11F28BE116F11CCB004EFEB8 /* UpAccessoryWhite.png */ = {isa = PBXFileReference; lastKnownFileType = image.png; path = UpAccessoryWhite.png; sourceTree = "<group>"; };
		11F28BE216F11CCB004EFEB8 /* UpAccessoryWhite@2x.png */ = {isa = PBXFileReference; lastKnownFileType = image.png; path = "UpAccessoryWhite@2x.png"; sourceTree = "<group>"; };
		11F28BEE16F11F2C004EFEB8 /* GCArraySectionController.h */ = {isa = PBXFileReference; fileEncoding = 4; lastKnownFileType = sourcecode.c.h; path = GCArraySectionController.h; sourceTree = "<group>"; };
		11F28BEF16F11F2C004EFEB8 /* GCArraySectionController.m */ = {isa = PBXFileReference; fileEncoding = 4; lastKnownFileType = sourcecode.c.objc; path = GCArraySectionController.m; sourceTree = "<group>"; };
		11F28BF216F139FE004EFEB8 /* CLog.h */ = {isa = PBXFileReference; fileEncoding = 4; lastKnownFileType = sourcecode.c.h; path = CLog.h; sourceTree = "<group>"; };
		11F28BF316F13CC0004EFEB8 /* LotteryTableViewCell.h */ = {isa = PBXFileReference; fileEncoding = 4; lastKnownFileType = sourcecode.c.h; path = LotteryTableViewCell.h; sourceTree = "<group>"; };
		11F28BF416F13CC0004EFEB8 /* LotteryTableViewCell.m */ = {isa = PBXFileReference; fileEncoding = 4; lastKnownFileType = sourcecode.c.objc; path = LotteryTableViewCell.m; sourceTree = "<group>"; };
		11F28BF616F14316004EFEB8 /* LotteryDetailViewController.h */ = {isa = PBXFileReference; fileEncoding = 4; lastKnownFileType = sourcecode.c.h; path = LotteryDetailViewController.h; sourceTree = "<group>"; };
		11F28BF716F14316004EFEB8 /* LotteryDetailViewController.m */ = {isa = PBXFileReference; fileEncoding = 4; lastKnownFileType = sourcecode.c.objc; path = LotteryDetailViewController.m; sourceTree = "<group>"; };
		11F28BF816F14316004EFEB8 /* LotteryDetailViewController.xib */ = {isa = PBXFileReference; fileEncoding = 4; lastKnownFileType = file.xib; path = LotteryDetailViewController.xib; sourceTree = "<group>"; };
		11F28C1416F14937004EFEB8 /* EWHeaderHighlightLayer.h */ = {isa = PBXFileReference; fileEncoding = 4; lastKnownFileType = sourcecode.c.h; path = EWHeaderHighlightLayer.h; sourceTree = "<group>"; };
		11F28C1516F14937004EFEB8 /* EWHeaderHighlightLayer.m */ = {isa = PBXFileReference; fileEncoding = 4; lastKnownFileType = sourcecode.c.objc; path = EWHeaderHighlightLayer.m; sourceTree = "<group>"; };
		11F28C1616F14937004EFEB8 /* EWMultiColumnTableView.h */ = {isa = PBXFileReference; fileEncoding = 4; lastKnownFileType = sourcecode.c.h; path = EWMultiColumnTableView.h; sourceTree = "<group>"; };
		11F28C1716F14937004EFEB8 /* EWMultiColumnTableView.m */ = {isa = PBXFileReference; fileEncoding = 4; lastKnownFileType = sourcecode.c.objc; path = EWMultiColumnTableView.m; sourceTree = "<group>"; };
		11F28C1816F14937004EFEB8 /* EWMultiColumnTableViewBGScrollView.h */ = {isa = PBXFileReference; fileEncoding = 4; lastKnownFileType = sourcecode.c.h; path = EWMultiColumnTableViewBGScrollView.h; sourceTree = "<group>"; };
		11F28C1916F14937004EFEB8 /* EWMultiColumnTableViewBGScrollView.m */ = {isa = PBXFileReference; fileEncoding = 4; lastKnownFileType = sourcecode.c.objc; path = EWMultiColumnTableViewBGScrollView.m; sourceTree = "<group>"; };
		11F28C1A16F14937004EFEB8 /* EWMultiColumnTableViewCell.h */ = {isa = PBXFileReference; fileEncoding = 4; lastKnownFileType = sourcecode.c.h; path = EWMultiColumnTableViewCell.h; sourceTree = "<group>"; };
		11F28C1B16F14937004EFEB8 /* EWMultiColumnTableViewCell.m */ = {isa = PBXFileReference; fileEncoding = 4; lastKnownFileType = sourcecode.c.objc; path = EWMultiColumnTableViewCell.m; sourceTree = "<group>"; };
		11F28C1C16F14937004EFEB8 /* EWMultiColumnTableViewContentBackgroundView.h */ = {isa = PBXFileReference; fileEncoding = 4; lastKnownFileType = sourcecode.c.h; path = EWMultiColumnTableViewContentBackgroundView.h; sourceTree = "<group>"; };
		11F28C1D16F14937004EFEB8 /* EWMultiColumnTableViewContentBackgroundView.m */ = {isa = PBXFileReference; fileEncoding = 4; lastKnownFileType = sourcecode.c.objc; path = EWMultiColumnTableViewContentBackgroundView.m; sourceTree = "<group>"; };
		11F28C1E16F14937004EFEB8 /* EWMultiColumnTableViewDefaults.h */ = {isa = PBXFileReference; fileEncoding = 4; lastKnownFileType = sourcecode.c.h; path = EWMultiColumnTableViewDefaults.h; sourceTree = "<group>"; };
		11F28C1F16F14937004EFEB8 /* UIView+AddLine.h */ = {isa = PBXFileReference; fileEncoding = 4; lastKnownFileType = sourcecode.c.h; path = "UIView+AddLine.h"; sourceTree = "<group>"; };
		11F28C2016F14937004EFEB8 /* UIView+AddLine.m */ = {isa = PBXFileReference; fileEncoding = 4; lastKnownFileType = sourcecode.c.objc; path = "UIView+AddLine.m"; sourceTree = "<group>"; };
		11F28C2716F149D7004EFEB8 /* HistoryLotteyViewController.h */ = {isa = PBXFileReference; fileEncoding = 4; lastKnownFileType = sourcecode.c.h; path = HistoryLotteyViewController.h; sourceTree = "<group>"; };
		11F28C2816F149D8004EFEB8 /* HistoryLotteyViewController.m */ = {isa = PBXFileReference; fileEncoding = 4; lastKnownFileType = sourcecode.c.objc; path = HistoryLotteyViewController.m; sourceTree = "<group>"; };
		11F28C2916F149D8004EFEB8 /* HistoryLotteyViewController.xib */ = {isa = PBXFileReference; fileEncoding = 4; lastKnownFileType = file.xib; path = HistoryLotteyViewController.xib; sourceTree = "<group>"; };
		11F28C2C16F14A24004EFEB8 /* QuartzCore.framework */ = {isa = PBXFileReference; lastKnownFileType = wrapper.framework; name = QuartzCore.framework; path = System/Library/Frameworks/QuartzCore.framework; sourceTree = SDKROOT; };
		11F28C2E16F14D3C004EFEB8 /* HistoryLotteryTableViewCell.h */ = {isa = PBXFileReference; fileEncoding = 4; lastKnownFileType = sourcecode.c.h; path = HistoryLotteryTableViewCell.h; sourceTree = "<group>"; };
		11F28C2F16F14D3D004EFEB8 /* HistoryLotteryTableViewCell.m */ = {isa = PBXFileReference; fileEncoding = 4; lastKnownFileType = sourcecode.c.objc; path = HistoryLotteryTableViewCell.m; sourceTree = "<group>"; };
		11F95BF416EC1824009485B2 /* LetteryDetailViewController.h */ = {isa = PBXFileReference; fileEncoding = 4; lastKnownFileType = sourcecode.c.h; path = LetteryDetailViewController.h; sourceTree = "<group>"; };
		11F95BF516EC1824009485B2 /* LetteryDetailViewController.m */ = {isa = PBXFileReference; fileEncoding = 4; lastKnownFileType = sourcecode.c.objc; path = LetteryDetailViewController.m; sourceTree = "<group>"; };
		11F95BF616EC1825009485B2 /* LetteryDetailViewController.xib */ = {isa = PBXFileReference; fileEncoding = 4; lastKnownFileType = file.xib; path = LetteryDetailViewController.xib; sourceTree = "<group>"; };
/* End PBXFileReference section */

/* Begin PBXFrameworksBuildPhase section */
		11408CA916EB9A500062BE8E /* Frameworks */ = {
			isa = PBXFrameworksBuildPhase;
			buildActionMask = 2147483647;
			files = (
				11F28C2D16F14A24004EFEB8 /* QuartzCore.framework in Frameworks */,
				11408CB116EB9A500062BE8E /* UIKit.framework in Frameworks */,
				11408CB316EB9A500062BE8E /* Foundation.framework in Frameworks */,
				11408CB516EB9A500062BE8E /* CoreGraphics.framework in Frameworks */,
			);
			runOnlyForDeploymentPostprocessing = 0;
		};
/* End PBXFrameworksBuildPhase section */

/* Begin PBXGroup section */
		110ECC2A16EE6BA60084A0E9 /* BookBalanceView */ = {
			isa = PBXGroup;
			children = (
				110ECC2B16EE6BA60084A0E9 /* BookBalanceViewController.h */,
				110ECC2C16EE6BA60084A0E9 /* BookBalanceViewController.m */,
				110ECC2D16EE6BA60084A0E9 /* BookBalanceViewController.xib */,
				110ECC3016EE6BDB0084A0E9 /* BookBalanceTableViewCell.h */,
				110ECC3116EE6BDB0084A0E9 /* BookBalanceTableViewCell.m */,
				110ECC3716EE98DD0084A0E9 /* BookBalaceDetailViewController.h */,
				110ECC3816EE98DD0084A0E9 /* BookBalaceDetailViewController.m */,
				110ECC3916EE98DD0084A0E9 /* BookBalaceDetailViewController.xib */,
			);
			path = BookBalanceView;
			sourceTree = "<group>";
		};
		110ECC3316EE93CB0084A0E9 /* BookBalance */ = {
			isa = PBXGroup;
			children = (
				110ECC3416EE93DD0084A0E9 /* BookBalance.h */,
				110ECC3516EE93DD0084A0E9 /* BookBalance.m */,
			);
			path = BookBalance;
			sourceTree = "<group>";
		};
		111037B216ED0CFA00BB34FB /* NIDropDown */ = {
			isa = PBXGroup;
			children = (
				111037B316ED0CFA00BB34FB /* NIDropDown.h */,
				111037B416ED0CFA00BB34FB /* NIDropDown.m */,
			);
			path = NIDropDown;
			sourceTree = "<group>";
		};
		111037B616ED1A2A00BB34FB /* MyLotteryView */ = {
			isa = PBXGroup;
			children = (
				111037BC16ED387800BB34FB /* MyLotteryCell.h */,
				111037BD16ED387800BB34FB /* MyLotteryCell.m */,
				11EDD4D816ED61CA0008B703 /* MyLotteryDetailViewController.h */,
				11EDD4D916ED61CB0008B703 /* MyLotteryDetailViewController.m */,
				11EDD4DA16ED61CB0008B703 /* MyLotteryDetailViewController.xib */,
				111037B716ED1A2A00BB34FB /* MyLotteryViewController.h */,
				111037B816ED1A2A00BB34FB /* MyLotteryViewController.m */,
				111037B916ED1A2A00BB34FB /* MyLotteryViewController.xib */,
			);
			path = MyLotteryView;
			sourceTree = "<group>";
		};
		1117D0F416EBDA9500F16627 /* StationMainView */ = {
			isa = PBXGroup;
			children = (
				1117D11416EBDB2D00F16627 /* StationMainViewController.h */,
				1117D11516EBDB2D00F16627 /* StationMainViewController.m */,
				1117D11616EBDB2D00F16627 /* StationMainViewController.xib */,
			);
			path = StationMainView;
			sourceTree = "<group>";
		};
		1117D0F916EBDA9500F16627 /* UserMainView */ = {
			isa = PBXGroup;
			children = (
				1117D0FA16EBDA9500F16627 /* BuyLotteryView */,
				1117D0FB16EBDA9500F16627 /* ExpectForecastView */,
				1117D0FC16EBDA9500F16627 /* LotteryRoomView */,
				1117D0FD16EBDA9500F16627 /* PersonalCenterView */,
				1117D0FE16EBDA9500F16627 /* UserMainViewController.h */,
				1117D0FF16EBDA9500F16627 /* UserMainViewController.m */,
				1117D10016EBDA9500F16627 /* UserMainViewController.xib */,
			);
			path = UserMainView;
			sourceTree = "<group>";
		};
		1117D0FA16EBDA9500F16627 /* BuyLotteryView */ = {
			isa = PBXGroup;
			children = (
				11C87C5D16EBEAB70077D0BA /* BuyLotteryViewController.h */,
				11C87C5E16EBEAB70077D0BA /* BuyLotteryViewController.m */,
				11C87C5F16EBEAB70077D0BA /* BuyLotteryViewController.xib */,
				11F95BF416EC1824009485B2 /* LetteryDetailViewController.h */,
				11F95BF516EC1824009485B2 /* LetteryDetailViewController.m */,
				11F95BF616EC1825009485B2 /* LetteryDetailViewController.xib */,
				11C87C6816EC048B0077D0BA /* LetteryTableViewCell.h */,
				11C87C6916EC048B0077D0BA /* LetteryTableViewCell.m */,
			);
			path = BuyLotteryView;
			sourceTree = "<group>";
		};
		1117D0FB16EBDA9500F16627 /* ExpectForecastView */ = {
			isa = PBXGroup;
			children = (
				1117D10A16EBDAFD00F16627 /* ExpectForecastViewController.h */,
				1117D10B16EBDAFD00F16627 /* ExpectForecastViewController.m */,
				1117D10C16EBDAFD00F16627 /* ExpectForecastViewController.xib */,
				111037AB16ED045D00BB34FB /* ExpectTableViewCell.h */,
				111037AC16ED045D00BB34FB /* ExpectTableViewCell.m */,
			);
			path = ExpectForecastView;
			sourceTree = "<group>";
		};
		1117D0FC16EBDA9500F16627 /* LotteryRoomView */ = {
			isa = PBXGroup;
			children = (
				11F28C2E16F14D3C004EFEB8 /* HistoryLotteryTableViewCell.h */,
				11F28C2F16F14D3D004EFEB8 /* HistoryLotteryTableViewCell.m */,
				11F28C2716F149D7004EFEB8 /* HistoryLotteyViewController.h */,
				11F28C2816F149D8004EFEB8 /* HistoryLotteyViewController.m */,
				11F28C2916F149D8004EFEB8 /* HistoryLotteyViewController.xib */,
				11F28BF616F14316004EFEB8 /* LotteryDetailViewController.h */,
				11F28BF716F14316004EFEB8 /* LotteryDetailViewController.m */,
				11F28BF816F14316004EFEB8 /* LotteryDetailViewController.xib */,
				1117D10F16EBDB0A00F16627 /* LotteryRoomViewController.h */,
				1117D11016EBDB0B00F16627 /* LotteryRoomViewController.m */,
				1117D11116EBDB0B00F16627 /* LotteryRoomViewController.xib */,
				11F28BF316F13CC0004EFEB8 /* LotteryTableViewCell.h */,
				11F28BF416F13CC0004EFEB8 /* LotteryTableViewCell.m */,
			);
			path = LotteryRoomView;
			sourceTree = "<group>";
		};
		1117D0FD16EBDA9500F16627 /* PersonalCenterView */ = {
			isa = PBXGroup;
			children = (
				110ECC2A16EE6BA60084A0E9 /* BookBalanceView */,
				111037B616ED1A2A00BB34FB /* MyLotteryView */,
				111037A616ECFCE900BB34FB /* MyselfInfomationViewController.h */,
				111037A716ECFCE900BB34FB /* MyselfInfomationViewController.m */,
				111037A816ECFCE900BB34FB /* MyselfInfomationViewController.xib */,
				1117D11916EBDB5500F16627 /* PersonalCenterViewController.h */,
				1117D11A16EBDB5500F16627 /* PersonalCenterViewController.m */,
				1117D11B16EBDB5500F16627 /* PersonalCenterViewController.xib */,
			);
			path = PersonalCenterView;
			sourceTree = "<group>";
		};
		1117D12216EBE0E200F16627 /* Images */ = {
			isa = PBXGroup;
			children = (
				1117D13916EBE5EA00F16627 /* UserMainView */,
			);
			path = Images;
			sourceTree = "<group>";
		};
		1117D13916EBE5EA00F16627 /* UserMainView */ = {
			isa = PBXGroup;
			children = (
				1117D14416EBE7A600F16627 /* light.png */,
				1117D13C16EBE5EA00F16627 /* lottery_icon.png */,
			);
			path = UserMainView;
			sourceTree = "<group>";
		};
		11408CA116EB9A4F0062BE8E = {
			isa = PBXGroup;
			children = (
				11408CB616EB9A500062BE8E /* Lottery */,
				11408CAF16EB9A500062BE8E /* Frameworks */,
				11408CAD16EB9A500062BE8E /* Products */,
			);
			sourceTree = "<group>";
		};
		11408CAD16EB9A500062BE8E /* Products */ = {
			isa = PBXGroup;
			children = (
				11408CAC16EB9A500062BE8E /* Lottery.app */,
			);
			name = Products;
			sourceTree = "<group>";
		};
		11408CAF16EB9A500062BE8E /* Frameworks */ = {
			isa = PBXGroup;
			children = (
				11F28C2C16F14A24004EFEB8 /* QuartzCore.framework */,
				11408CB016EB9A500062BE8E /* UIKit.framework */,
				11408CB216EB9A500062BE8E /* Foundation.framework */,
				11408CB416EB9A500062BE8E /* CoreGraphics.framework */,
			);
			name = Frameworks;
			sourceTree = "<group>";
		};
		11408CB616EB9A500062BE8E /* Lottery */ = {
			isa = PBXGroup;
			children = (
				11408CD316EB9BC50062BE8E /* Classes */,
				11408CD716EB9C490062BE8E /* Externals */,
				11408CD816EB9C490062BE8E /* Resources */,
				11408CB716EB9A500062BE8E /* Supporting Files */,
			);
			path = Lottery;
			sourceTree = "<group>";
		};
		11408CB716EB9A500062BE8E /* Supporting Files */ = {
			isa = PBXGroup;
			children = (
				11408CB816EB9A500062BE8E /* Lottery-Info.plist */,
				11408CB916EB9A500062BE8E /* InfoPlist.strings */,
				11408CBC16EB9A500062BE8E /* main.m */,
				11408CBE16EB9A500062BE8E /* Lottery-Prefix.pch */,
			);
			name = "Supporting Files";
			sourceTree = "<group>";
		};
		11408CD316EB9BC50062BE8E /* Classes */ = {
			isa = PBXGroup;
			children = (
				11408CD516EB9BD00062BE8E /* AppDelegate */,
				11EDD4D216ED550C0008B703 /* ShareDate */,
				11408CD616EB9BF70062BE8E /* Views */,
			);
			path = Classes;
			sourceTree = "<group>";
		};
		11408CD516EB9BD00062BE8E /* AppDelegate */ = {
			isa = PBXGroup;
			children = (
				11408CBF16EB9A500062BE8E /* AppDelegate.h */,
				11408CC016EB9A500062BE8E /* AppDelegate.m */,
			);
			name = AppDelegate;
			path = Lottery/AppDelegate;
			sourceTree = SOURCE_ROOT;
		};
		11408CD616EB9BF70062BE8E /* Views */ = {
			isa = PBXGroup;
			children = (
				11408CD916EBA1B00062BE8E /* LoginView */,
				1117D0F416EBDA9500F16627 /* StationMainView */,
				1117D0F916EBDA9500F16627 /* UserMainView */,
			);
			path = Views;
			sourceTree = "<group>";
		};
		11408CD716EB9C490062BE8E /* Externals */ = {
			isa = PBXGroup;
			children = (
				11F28BF116F139FE004EFEB8 /* Debug */,
				11F28BED16F11F2C004EFEB8 /* GCArraySectionController */,
				11F28BD716F11CCB004EFEB8 /* GCRetractableSectionController */,
				11F28C1316F14937004EFEB8 /* MultiColumnTableView */,
				111037B216ED0CFA00BB34FB /* NIDropDown */,
			);
			path = Externals;
			sourceTree = "<group>";
		};
		11408CD816EB9C490062BE8E /* Resources */ = {
			isa = PBXGroup;
			children = (
				1117D12216EBE0E200F16627 /* Images */,
			);
			path = Resources;
			sourceTree = "<group>";
		};
		11408CD916EBA1B00062BE8E /* LoginView */ = {
			isa = PBXGroup;
			children = (
				11408CDA16EBA2130062BE8E /* LoginViewController.h */,
				11408CDB16EBA2130062BE8E /* LoginViewController.m */,
				11408CDC16EBA2130062BE8E /* LoginViewController.xib */,
			);
			path = LoginView;
			sourceTree = "<group>";
		};
		11EDD4D216ED550C0008B703 /* ShareDate */ = {
			isa = PBXGroup;
			children = (
				110ECC3316EE93CB0084A0E9 /* BookBalance */,
				11EDD4D416ED552E0008B703 /* Lottery */,
			);
			path = ShareDate;
			sourceTree = "<group>";
		};
		11EDD4D416ED552E0008B703 /* Lottery */ = {
			isa = PBXGroup;
			children = (
				11EDD4D516ED562B0008B703 /* Lottery.h */,
				11EDD4D616ED562B0008B703 /* Lottery.m */,
			);
			path = Lottery;
			sourceTree = "<group>";
		};
		11F28BD716F11CCB004EFEB8 /* GCRetractableSectionController */ = {
			isa = PBXGroup;
			children = (
				11F28BD816F11CCB004EFEB8 /* GCRetractableSectionController.h */,
				11F28BD916F11CCB004EFEB8 /* GCRetractableSectionController.m */,
				11F28BDA16F11CCB004EFEB8 /* Images */,
			);
			path = GCRetractableSectionController;
			sourceTree = "<group>";
		};
		11F28BDA16F11CCB004EFEB8 /* Images */ = {
			isa = PBXGroup;
			children = (
				11F28BDB16F11CCB004EFEB8 /* DownAccessory.png */,
				11F28BDC16F11CCB004EFEB8 /* DownAccessory@2x.png */,
				11F28BDD16F11CCB004EFEB8 /* DownAccessoryWhite.png */,
				11F28BDE16F11CCB004EFEB8 /* DownAccessoryWhite@2x.png */,
				11F28BDF16F11CCB004EFEB8 /* UpAccessory.png */,
				11F28BE016F11CCB004EFEB8 /* UpAccessory@2x.png */,
				11F28BE116F11CCB004EFEB8 /* UpAccessoryWhite.png */,
				11F28BE216F11CCB004EFEB8 /* UpAccessoryWhite@2x.png */,
			);
			path = Images;
			sourceTree = "<group>";
		};
		11F28BED16F11F2C004EFEB8 /* GCArraySectionController */ = {
			isa = PBXGroup;
			children = (
				11F28BEE16F11F2C004EFEB8 /* GCArraySectionController.h */,
				11F28BEF16F11F2C004EFEB8 /* GCArraySectionController.m */,
			);
			path = GCArraySectionController;
			sourceTree = "<group>";
		};
		11F28BF116F139FE004EFEB8 /* Debug */ = {
			isa = PBXGroup;
			children = (
				11F28BF216F139FE004EFEB8 /* CLog.h */,
			);
			path = Debug;
			sourceTree = "<group>";
		};
		11F28C1316F14937004EFEB8 /* MultiColumnTableView */ = {
			isa = PBXGroup;
			children = (
				11F28C1416F14937004EFEB8 /* EWHeaderHighlightLayer.h */,
				11F28C1516F14937004EFEB8 /* EWHeaderHighlightLayer.m */,
				11F28C1616F14937004EFEB8 /* EWMultiColumnTableView.h */,
				11F28C1716F14937004EFEB8 /* EWMultiColumnTableView.m */,
				11F28C1816F14937004EFEB8 /* EWMultiColumnTableViewBGScrollView.h */,
				11F28C1916F14937004EFEB8 /* EWMultiColumnTableViewBGScrollView.m */,
				11F28C1A16F14937004EFEB8 /* EWMultiColumnTableViewCell.h */,
				11F28C1B16F14937004EFEB8 /* EWMultiColumnTableViewCell.m */,
				11F28C1C16F14937004EFEB8 /* EWMultiColumnTableViewContentBackgroundView.h */,
				11F28C1D16F14937004EFEB8 /* EWMultiColumnTableViewContentBackgroundView.m */,
				11F28C1E16F14937004EFEB8 /* EWMultiColumnTableViewDefaults.h */,
				11F28C1F16F14937004EFEB8 /* UIView+AddLine.h */,
				11F28C2016F14937004EFEB8 /* UIView+AddLine.m */,
			);
			path = MultiColumnTableView;
			sourceTree = "<group>";
		};
/* End PBXGroup section */

/* Begin PBXNativeTarget section */
		11408CAB16EB9A500062BE8E /* Lottery */ = {
			isa = PBXNativeTarget;
			buildConfigurationList = 11408CC416EB9A500062BE8E /* Build configuration list for PBXNativeTarget "Lottery" */;
			buildPhases = (
				11408CA816EB9A500062BE8E /* Sources */,
				11408CA916EB9A500062BE8E /* Frameworks */,
				11408CAA16EB9A500062BE8E /* Resources */,
			);
			buildRules = (
			);
			dependencies = (
			);
			name = Lottery;
			productName = Lottery;
			productReference = 11408CAC16EB9A500062BE8E /* Lottery.app */;
			productType = "com.apple.product-type.application";
		};
/* End PBXNativeTarget section */

/* Begin PBXProject section */
		11408CA316EB9A500062BE8E /* Project object */ = {
			isa = PBXProject;
			attributes = {
				LastUpgradeCheck = 0430;
			};
			buildConfigurationList = 11408CA616EB9A500062BE8E /* Build configuration list for PBXProject "Lottery" */;
			compatibilityVersion = "Xcode 3.2";
			developmentRegion = English;
			hasScannedForEncodings = 0;
			knownRegions = (
				en,
			);
			mainGroup = 11408CA116EB9A4F0062BE8E;
			productRefGroup = 11408CAD16EB9A500062BE8E /* Products */;
			projectDirPath = "";
			projectRoot = "";
			targets = (
				11408CAB16EB9A500062BE8E /* Lottery */,
			);
		};
/* End PBXProject section */

/* Begin PBXResourcesBuildPhase section */
		11408CAA16EB9A500062BE8E /* Resources */ = {
			isa = PBXResourcesBuildPhase;
			buildActionMask = 2147483647;
			files = (
				11408CBB16EB9A500062BE8E /* InfoPlist.strings in Resources */,
				11408CDE16EBA2130062BE8E /* LoginViewController.xib in Resources */,
				1117D10416EBDA9500F16627 /* UserMainViewController.xib in Resources */,
				1117D10E16EBDAFD00F16627 /* ExpectForecastViewController.xib in Resources */,
				1117D11316EBDB0B00F16627 /* LotteryRoomViewController.xib in Resources */,
				1117D11816EBDB2D00F16627 /* StationMainViewController.xib in Resources */,
				1117D11D16EBDB5500F16627 /* PersonalCenterViewController.xib in Resources */,
				1117D14116EBE5EA00F16627 /* lottery_icon.png in Resources */,
				1117D14516EBE7A600F16627 /* light.png in Resources */,
				11C87C6116EBEAB70077D0BA /* BuyLotteryViewController.xib in Resources */,
				11F95BF816EC1825009485B2 /* LetteryDetailViewController.xib in Resources */,
				111037AA16ECFCE900BB34FB /* MyselfInfomationViewController.xib in Resources */,
				111037BB16ED1A2A00BB34FB /* MyLotteryViewController.xib in Resources */,
				11EDD4DC16ED61CB0008B703 /* MyLotteryDetailViewController.xib in Resources */,
				110ECC2F16EE6BA60084A0E9 /* BookBalanceViewController.xib in Resources */,
				110ECC3B16EE98DD0084A0E9 /* BookBalaceDetailViewController.xib in Resources */,
				11F28BE416F11CCB004EFEB8 /* DownAccessory.png in Resources */,
				11F28BE516F11CCB004EFEB8 /* DownAccessory@2x.png in Resources */,
				11F28BE616F11CCB004EFEB8 /* DownAccessoryWhite.png in Resources */,
				11F28BE716F11CCB004EFEB8 /* DownAccessoryWhite@2x.png in Resources */,
				11F28BE816F11CCB004EFEB8 /* UpAccessory.png in Resources */,
				11F28BE916F11CCB004EFEB8 /* UpAccessory@2x.png in Resources */,
				11F28BEA16F11CCB004EFEB8 /* UpAccessoryWhite.png in Resources */,
				11F28BEB16F11CCB004EFEB8 /* UpAccessoryWhite@2x.png in Resources */,
				11F28BFA16F14316004EFEB8 /* LotteryDetailViewController.xib in Resources */,
				11F28C2B16F149D8004EFEB8 /* HistoryLotteyViewController.xib in Resources */,
			);
			runOnlyForDeploymentPostprocessing = 0;
		};
/* End PBXResourcesBuildPhase section */

/* Begin PBXSourcesBuildPhase section */
		11408CA816EB9A500062BE8E /* Sources */ = {
			isa = PBXSourcesBuildPhase;
			buildActionMask = 2147483647;
			files = (
				11408CBD16EB9A500062BE8E /* main.m in Sources */,
				11408CC116EB9A500062BE8E /* AppDelegate.m in Sources */,
				11408CDD16EBA2130062BE8E /* LoginViewController.m in Sources */,
				1117D10316EBDA9500F16627 /* UserMainViewController.m in Sources */,
				1117D10D16EBDAFD00F16627 /* ExpectForecastViewController.m in Sources */,
				1117D11216EBDB0B00F16627 /* LotteryRoomViewController.m in Sources */,
				1117D11716EBDB2D00F16627 /* StationMainViewController.m in Sources */,
				1117D11C16EBDB5500F16627 /* PersonalCenterViewController.m in Sources */,
				11C87C6016EBEAB70077D0BA /* BuyLotteryViewController.m in Sources */,
				11C87C6A16EC048B0077D0BA /* LetteryTableViewCell.m in Sources */,
				11F95BF716EC1825009485B2 /* LetteryDetailViewController.m in Sources */,
				111037A916ECFCE900BB34FB /* MyselfInfomationViewController.m in Sources */,
				111037AD16ED045D00BB34FB /* ExpectTableViewCell.m in Sources */,
				111037B516ED0CFA00BB34FB /* NIDropDown.m in Sources */,
				111037BA16ED1A2A00BB34FB /* MyLotteryViewController.m in Sources */,
				111037BE16ED387800BB34FB /* MyLotteryCell.m in Sources */,
				11EDD4D716ED562B0008B703 /* Lottery.m in Sources */,
				11EDD4DB16ED61CB0008B703 /* MyLotteryDetailViewController.m in Sources */,
				110ECC2E16EE6BA60084A0E9 /* BookBalanceViewController.m in Sources */,
				110ECC3216EE6BDB0084A0E9 /* BookBalanceTableViewCell.m in Sources */,
				110ECC3616EE93DD0084A0E9 /* BookBalance.m in Sources */,
				110ECC3A16EE98DD0084A0E9 /* BookBalaceDetailViewController.m in Sources */,
				11F28BE316F11CCB004EFEB8 /* GCRetractableSectionController.m in Sources */,
				11F28BF016F11F2C004EFEB8 /* GCArraySectionController.m in Sources */,
				11F28BF516F13CC0004EFEB8 /* LotteryTableViewCell.m in Sources */,
				11F28BF916F14316004EFEB8 /* LotteryDetailViewController.m in Sources */,
				11F28C2116F14938004EFEB8 /* EWHeaderHighlightLayer.m in Sources */,
				11F28C2216F14938004EFEB8 /* EWMultiColumnTableView.m in Sources */,
				11F28C2316F14938004EFEB8 /* EWMultiColumnTableViewBGScrollView.m in Sources */,
				11F28C2416F14938004EFEB8 /* EWMultiColumnTableViewCell.m in Sources */,
				11F28C2516F14938004EFEB8 /* EWMultiColumnTableViewContentBackgroundView.m in Sources */,
				11F28C2616F14938004EFEB8 /* UIView+AddLine.m in Sources */,
				11F28C2A16F149D8004EFEB8 /* HistoryLotteyViewController.m in Sources */,
				11F28C3016F14D3E004EFEB8 /* HistoryLotteryTableViewCell.m in Sources */,
			);
			runOnlyForDeploymentPostprocessing = 0;
		};
/* End PBXSourcesBuildPhase section */

/* Begin PBXVariantGroup section */
		11408CB916EB9A500062BE8E /* InfoPlist.strings */ = {
			isa = PBXVariantGroup;
			children = (
				11408CBA16EB9A500062BE8E /* en */,
			);
			name = InfoPlist.strings;
			sourceTree = "<group>";
		};
/* End PBXVariantGroup section */

/* Begin XCBuildConfiguration section */
		11408CC216EB9A500062BE8E /* Debug */ = {
			isa = XCBuildConfiguration;
			buildSettings = {
				ALWAYS_SEARCH_USER_PATHS = NO;
				ARCHS = "$(ARCHS_STANDARD_32_BIT)";
				"CODE_SIGN_IDENTITY[sdk=iphoneos*]" = "iPhone Developer";
				COPY_PHASE_STRIP = NO;
				GCC_C_LANGUAGE_STANDARD = gnu99;
				GCC_DYNAMIC_NO_PIC = NO;
				GCC_OPTIMIZATION_LEVEL = 0;
				GCC_PREPROCESSOR_DEFINITIONS = (
					"DEBUG=1",
					"$(inherited)",
				);
				GCC_SYMBOLS_PRIVATE_EXTERN = NO;
				GCC_VERSION = com.apple.compilers.llvm.clang.1_0;
				GCC_WARN_ABOUT_RETURN_TYPE = YES;
				GCC_WARN_UNINITIALIZED_AUTOS = YES;
				GCC_WARN_UNUSED_VARIABLE = YES;
				IPHONEOS_DEPLOYMENT_TARGET = 5.1;
				SDKROOT = iphoneos;
			};
			name = Debug;
		};
		11408CC316EB9A500062BE8E /* Release */ = {
			isa = XCBuildConfiguration;
			buildSettings = {
				ALWAYS_SEARCH_USER_PATHS = NO;
				ARCHS = "$(ARCHS_STANDARD_32_BIT)";
				"CODE_SIGN_IDENTITY[sdk=iphoneos*]" = "iPhone Developer";
				COPY_PHASE_STRIP = YES;
				GCC_C_LANGUAGE_STANDARD = gnu99;
				GCC_VERSION = com.apple.compilers.llvm.clang.1_0;
				GCC_WARN_ABOUT_RETURN_TYPE = YES;
				GCC_WARN_UNINITIALIZED_AUTOS = YES;
				GCC_WARN_UNUSED_VARIABLE = YES;
				IPHONEOS_DEPLOYMENT_TARGET = 5.1;
				OTHER_CFLAGS = "-DNS_BLOCK_ASSERTIONS=1";
				SDKROOT = iphoneos;
				VALIDATE_PRODUCT = YES;
			};
			name = Release;
		};
		11408CC516EB9A500062BE8E /* Debug */ = {
			isa = XCBuildConfiguration;
			buildSettings = {
				GCC_PRECOMPILE_PREFIX_HEADER = YES;
				GCC_PREFIX_HEADER = "Lottery/Lottery-Prefix.pch";
				INFOPLIST_FILE = "Lottery/Lottery-Info.plist";
				PRODUCT_NAME = "$(TARGET_NAME)";
				WRAPPER_EXTENSION = app;
			};
			name = Debug;
		};
		11408CC616EB9A500062BE8E /* Release */ = {
			isa = XCBuildConfiguration;
			buildSettings = {
				GCC_PRECOMPILE_PREFIX_HEADER = YES;
				GCC_PREFIX_HEADER = "Lottery/Lottery-Prefix.pch";
				INFOPLIST_FILE = "Lottery/Lottery-Info.plist";
				PRODUCT_NAME = "$(TARGET_NAME)";
				WRAPPER_EXTENSION = app;
			};
			name = Release;
		};
/* End XCBuildConfiguration section */

/* Begin XCConfigurationList section */
		11408CA616EB9A500062BE8E /* Build configuration list for PBXProject "Lottery" */ = {
			isa = XCConfigurationList;
			buildConfigurations = (
				11408CC216EB9A500062BE8E /* Debug */,
				11408CC316EB9A500062BE8E /* Release */,
			);
			defaultConfigurationIsVisible = 0;
			defaultConfigurationName = Release;
		};
		11408CC416EB9A500062BE8E /* Build configuration list for PBXNativeTarget "Lottery" */ = {
			isa = XCConfigurationList;
			buildConfigurations = (
				11408CC516EB9A500062BE8E /* Debug */,
				11408CC616EB9A500062BE8E /* Release */,
			);
			defaultConfigurationIsVisible = 0;
			defaultConfigurationName = Release;
		};
/* End XCConfigurationList section */
	};
	rootObject = 11408CA316EB9A500062BE8E /* Project object */;
}
